// !$*UTF8*$!
{
	archiveVersion = 1;
	classes = {
	};
	objectVersion = 50;
	objects = {

/* Begin PBXBuildFile section */
		C33CD45824C72818004EECF5 /* AppDelegate.swift in Sources */ = {isa = PBXBuildFile; fileRef = C33CD45724C72818004EECF5 /* AppDelegate.swift */; };
		C33CD45A24C72818004EECF5 /* ViewController.swift in Sources */ = {isa = PBXBuildFile; fileRef = C33CD45924C72818004EECF5 /* ViewController.swift */; };
		C33CD45D24C72818004EECF5 /* Main.storyboard in Resources */ = {isa = PBXBuildFile; fileRef = C33CD45B24C72818004EECF5 /* Main.storyboard */; };
		C33CD45F24C72819004EECF5 /* Assets.xcassets in Resources */ = {isa = PBXBuildFile; fileRef = C33CD45E24C72819004EECF5 /* Assets.xcassets */; };
		C33CD46224C72819004EECF5 /* LaunchScreen.storyboard in Resources */ = {isa = PBXBuildFile; fileRef = C33CD46024C72819004EECF5 /* LaunchScreen.storyboard */; };
		C33CD46D24C72819004EECF5 /* TippyTests.swift in Sources */ = {isa = PBXBuildFile; fileRef = C33CD46C24C72819004EECF5 /* TippyTests.swift */; };
		C33CD47824C72819004EECF5 /* TippyUITests.swift in Sources */ = {isa = PBXBuildFile; fileRef = C33CD47724C72819004EECF5 /* TippyUITests.swift */; };
/* End PBXBuildFile section */

/* Begin PBXContainerItemProxy section */
		C33CD46924C72819004EECF5 /* PBXContainerItemProxy */ = {
			isa = PBXContainerItemProxy;
			containerPortal = C33CD44C24C72818004EECF5 /* Project object */;
			proxyType = 1;
			remoteGlobalIDString = C33CD45324C72818004EECF5;
			remoteInfo = Tippy;
		};
		C33CD47424C72819004EECF5 /* PBXContainerItemProxy */ = {
			isa = PBXContainerItemProxy;
			containerPortal = C33CD44C24C72818004EECF5 /* Project object */;
			proxyType = 1;
			remoteGlobalIDString = C33CD45324C72818004EECF5;
			remoteInfo = Tippy;
		};
/* End PBXContainerItemProxy section */

/* Begin PBXFileReference section */
		C33CD45424C72818004EECF5 /* TipCalculator.app */ = {isa = PBXFileReference; explicitFileType = wrapper.application; includeInIndex = 0; path = TipCalculator.app; sourceTree = BUILT_PRODUCTS_DIR; };
		C33CD45724C72818004EECF5 /* AppDelegate.swift */ = {isa = PBXFileReference; lastKnownFileType = sourcecode.swift; path = AppDelegate.swift; sourceTree = "<group>"; };
		C33CD45924C72818004EECF5 /* ViewController.swift */ = {isa = PBXFileReference; lastKnownFileType = sourcecode.swift; path = ViewController.swift; sourceTree = "<group>"; };
		C33CD45C24C72818004EECF5 /* Base */ = {isa = PBXFileReference; lastKnownFileType = file.storyboard; name = Base; path = Base.lproj/Main.storyboard; sourceTree = "<group>"; };
		C33CD45E24C72819004EECF5 /* Assets.xcassets */ = {isa = PBXFileReference; lastKnownFileType = folder.assetcatalog; path = Assets.xcassets; sourceTree = "<group>"; };
		C33CD46124C72819004EECF5 /* Base */ = {isa = PBXFileReference; lastKnownFileType = file.storyboard; name = Base; path = Base.lproj/LaunchScreen.storyboard; sourceTree = "<group>"; };
		C33CD46324C72819004EECF5 /* Info.plist */ = {isa = PBXFileReference; lastKnownFileType = text.plist.xml; path = Info.plist; sourceTree = "<group>"; };
		C33CD46824C72819004EECF5 /* TipCalculatorTests.xctest */ = {isa = PBXFileReference; explicitFileType = wrapper.cfbundle; includeInIndex = 0; path = TipCalculatorTests.xctest; sourceTree = BUILT_PRODUCTS_DIR; };
		C33CD46C24C72819004EECF5 /* TippyTests.swift */ = {isa = PBXFileReference; lastKnownFileType = sourcecode.swift; path = TippyTests.swift; sourceTree = "<group>"; };
		C33CD46E24C72819004EECF5 /* Info.plist */ = {isa = PBXFileReference; lastKnownFileType = text.plist.xml; path = Info.plist; sourceTree = "<group>"; };
		C33CD47324C72819004EECF5 /* TipCalculatorUITests.xctest */ = {isa = PBXFileReference; explicitFileType = wrapper.cfbundle; includeInIndex = 0; path = TipCalculatorUITests.xctest; sourceTree = BUILT_PRODUCTS_DIR; };
		C33CD47724C72819004EECF5 /* TippyUITests.swift */ = {isa = PBXFileReference; lastKnownFileType = sourcecode.swift; path = TippyUITests.swift; sourceTree = "<group>"; };
		C33CD47924C72819004EECF5 /* Info.plist */ = {isa = PBXFileReference; lastKnownFileType = text.plist.xml; path = Info.plist; sourceTree = "<group>"; };
/* End PBXFileReference section */

/* Begin PBXFrameworksBuildPhase section */
		C33CD45124C72818004EECF5 /* Frameworks */ = {
			isa = PBXFrameworksBuildPhase;
			buildActionMask = 2147483647;
			files = (
			);
			runOnlyForDeploymentPostprocessing = 0;
		};
		C33CD46524C72819004EECF5 /* Frameworks */ = {
			isa = PBXFrameworksBuildPhase;
			buildActionMask = 2147483647;
			files = (
			);
			runOnlyForDeploymentPostprocessing = 0;
		};
		C33CD47024C72819004EECF5 /* Frameworks */ = {
			isa = PBXFrameworksBuildPhase;
			buildActionMask = 2147483647;
			files = (
			);
			runOnlyForDeploymentPostprocessing = 0;
		};
/* End PBXFrameworksBuildPhase section */

/* Begin PBXGroup section */
		C33CD44B24C72818004EECF5 = {
			isa = PBXGroup;
			children = (
				C33CD45624C72818004EECF5 /* TipCalculator */,
				C33CD46B24C72819004EECF5 /* TipCalculatorTests */,
				C33CD47624C72819004EECF5 /* TipCalculatorUITests */,
				C33CD45524C72818004EECF5 /* Products */,
			);
			sourceTree = "<group>";
		};
		C33CD45524C72818004EECF5 /* Products */ = {
			isa = PBXGroup;
			children = (
				C33CD45424C72818004EECF5 /* TipCalculator.app */,
				C33CD46824C72819004EECF5 /* TipCalculatorTests.xctest */,
				C33CD47324C72819004EECF5 /* TipCalculatorUITests.xctest */,
			);
			name = Products;
			sourceTree = "<group>";
		};
		C33CD45624C72818004EECF5 /* TipCalculator */ = {
			isa = PBXGroup;
			children = (
				C33CD45724C72818004EECF5 /* AppDelegate.swift */,
				C33CD45924C72818004EECF5 /* ViewController.swift */,
				C33CD45B24C72818004EECF5 /* Main.storyboard */,
				C33CD45E24C72819004EECF5 /* Assets.xcassets */,
				C33CD46024C72819004EECF5 /* LaunchScreen.storyboard */,
				C33CD46324C72819004EECF5 /* Info.plist */,
			);
			path = TipCalculator;
			sourceTree = "<group>";
		};
		C33CD46B24C72819004EECF5 /* TipCalculatorTests */ = {
			isa = PBXGroup;
			children = (
				C33CD46C24C72819004EECF5 /* TippyTests.swift */,
				C33CD46E24C72819004EECF5 /* Info.plist */,
			);
			path = TipCalculatorTests;
			sourceTree = "<group>";
		};
		C33CD47624C72819004EECF5 /* TipCalculatorUITests */ = {
			isa = PBXGroup;
			children = (
				C33CD47724C72819004EECF5 /* TippyUITests.swift */,
				C33CD47924C72819004EECF5 /* Info.plist */,
			);
			path = TipCalculatorUITests;
			sourceTree = "<group>";
		};
/* End PBXGroup section */

/* Begin PBXNativeTarget section */
		C33CD45324C72818004EECF5 /* TipCalculator */ = {
			isa = PBXNativeTarget;
			buildConfigurationList = C33CD47C24C72819004EECF5 /* Build configuration list for PBXNativeTarget "TipCalculator" */;
			buildPhases = (
				C33CD45024C72818004EECF5 /* Sources */,
				C33CD45124C72818004EECF5 /* Frameworks */,
				C33CD45224C72818004EECF5 /* Resources */,
			);
			buildRules = (
			);
			dependencies = (
			);
			name = TipCalculator;
			productName = Tippy;
			productReference = C33CD45424C72818004EECF5 /* TipCalculator.app */;
			productType = "com.apple.product-type.application";
		};
		C33CD46724C72819004EECF5 /* TipCalculatorTests */ = {
			isa = PBXNativeTarget;
			buildConfigurationList = C33CD47F24C72819004EECF5 /* Build configuration list for PBXNativeTarget "TipCalculatorTests" */;
			buildPhases = (
				C33CD46424C72819004EECF5 /* Sources */,
				C33CD46524C72819004EECF5 /* Frameworks */,
				C33CD46624C72819004EECF5 /* Resources */,
			);
			buildRules = (
			);
			dependencies = (
				C33CD46A24C72819004EECF5 /* PBXTargetDependency */,
			);
			name = TipCalculatorTests;
			productName = TippyTests;
			productReference = C33CD46824C72819004EECF5 /* TipCalculatorTests.xctest */;
			productType = "com.apple.product-type.bundle.unit-test";
		};
		C33CD47224C72819004EECF5 /* TipCalculatorUITests */ = {
			isa = PBXNativeTarget;
			buildConfigurationList = C33CD48224C72819004EECF5 /* Build configuration list for PBXNativeTarget "TipCalculatorUITests" */;
			buildPhases = (
				C33CD46F24C72819004EECF5 /* Sources */,
				C33CD47024C72819004EECF5 /* Frameworks */,
				C33CD47124C72819004EECF5 /* Resources */,
			);
			buildRules = (
			);
			dependencies = (
				C33CD47524C72819004EECF5 /* PBXTargetDependency */,
			);
			name = TipCalculatorUITests;
			productName = TippyUITests;
			productReference = C33CD47324C72819004EECF5 /* TipCalculatorUITests.xctest */;
			productType = "com.apple.product-type.bundle.ui-testing";
		};
/* End PBXNativeTarget section */

/* Begin PBXProject section */
		C33CD44C24C72818004EECF5 /* Project object */ = {
			isa = PBXProject;
			attributes = {
				LastSwiftUpdateCheck = 1010;
				LastUpgradeCheck = 1010;
				ORGANIZATIONNAME = CodePath;
				TargetAttributes = {
					C33CD45324C72818004EECF5 = {
						CreatedOnToolsVersion = 10.1;
					};
					C33CD46724C72819004EECF5 = {
						CreatedOnToolsVersion = 10.1;
						TestTargetID = C33CD45324C72818004EECF5;
					};
					C33CD47224C72819004EECF5 = {
						CreatedOnToolsVersion = 10.1;
						TestTargetID = C33CD45324C72818004EECF5;
					};
				};
			};
			buildConfigurationList = C33CD44F24C72818004EECF5 /* Build configuration list for PBXProject "TipCalculator" */;
			compatibilityVersion = "Xcode 9.3";
			developmentRegion = en;
			hasScannedForEncodings = 0;
			knownRegions = (
				en,
				Base,
			);
			mainGroup = C33CD44B24C72818004EECF5;
			productRefGroup = C33CD45524C72818004EECF5 /* Products */;
			projectDirPath = "";
			projectRoot = "";
			targets = (
				C33CD45324C72818004EECF5 /* TipCalculator */,
				C33CD46724C72819004EECF5 /* TipCalculatorTests */,
				C33CD47224C72819004EECF5 /* TipCalculatorUITests */,
			);
		};
/* End PBXProject section */

/* Begin PBXResourcesBuildPhase section */
		C33CD45224C72818004EECF5 /* Resources */ = {
			isa = PBXResourcesBuildPhase;
			buildActionMask = 2147483647;
			files = (
				C33CD46224C72819004EECF5 /* LaunchScreen.storyboard in Resources */,
				C33CD45F24C72819004EECF5 /* Assets.xcassets in Resources */,
				C33CD45D24C72818004EECF5 /* Main.storyboard in Resources */,
			);
			runOnlyForDeploymentPostprocessing = 0;
		};
		C33CD46624C72819004EECF5 /* Resources */ = {
			isa = PBXResourcesBuildPhase;
			buildActionMask = 2147483647;
			files = (
			);
			runOnlyForDeploymentPostprocessing = 0;
		};
		C33CD47124C72819004EECF5 /* Resources */ = {
			isa = PBXResourcesBuildPhase;
			buildActionMask = 2147483647;
			files = (
			);
			runOnlyForDeploymentPostprocessing = 0;
		};
/* End PBXResourcesBuildPhase section */

/* Begin PBXSourcesBuildPhase section */
		C33CD45024C72818004EECF5 /* Sources */ = {
			isa = PBXSourcesBuildPhase;
			buildActionMask = 2147483647;
			files = (
				C33CD45A24C72818004EECF5 /* ViewController.swift in Sources */,
				C33CD45824C72818004EECF5 /* AppDelegate.swift in Sources */,
			);
			runOnlyForDeploymentPostprocessing = 0;
		};
		C33CD46424C72819004EECF5 /* Sources */ = {
			isa = PBXSourcesBuildPhase;
			buildActionMask = 2147483647;
			files = (
				C33CD46D24C72819004EECF5 /* TippyTests.swift in Sources */,
			);
			runOnlyForDeploymentPostprocessing = 0;
		};
		C33CD46F24C72819004EECF5 /* Sources */ = {
			isa = PBXSourcesBuildPhase;
			buildActionMask = 2147483647;
			files = (
				C33CD47824C72819004EECF5 /* TippyUITests.swift in Sources */,
			);
			runOnlyForDeploymentPostprocessing = 0;
		};
/* End PBXSourcesBuildPhase section */

/* Begin PBXTargetDependency section */
		C33CD46A24C72819004EECF5 /* PBXTargetDependency */ = {
			isa = PBXTargetDependency;
			target = C33CD45324C72818004EECF5 /* TipCalculator */;
			targetProxy = C33CD46924C72819004EECF5 /* PBXContainerItemProxy */;
		};
		C33CD47524C72819004EECF5 /* PBXTargetDependency */ = {
			isa = PBXTargetDependency;
			target = C33CD45324C72818004EECF5 /* TipCalculator */;
			targetProxy = C33CD47424C72819004EECF5 /* PBXContainerItemProxy */;
		};
/* End PBXTargetDependency section */

/* Begin PBXVariantGroup section */
		C33CD45B24C72818004EECF5 /* Main.storyboard */ = {
			isa = PBXVariantGroup;
			children = (
				C33CD45C24C72818004EECF5 /* Base */,
			);
			name = Main.storyboard;
			sourceTree = "<group>";
		};
		C33CD46024C72819004EECF5 /* LaunchScreen.storyboard */ = {
			isa = PBXVariantGroup;
			children = (
				C33CD46124C72819004EECF5 /* Base */,
			);
			name = LaunchScreen.storyboard;
			sourceTree = "<group>";
		};
/* End PBXVariantGroup section */

/* Begin XCBuildConfiguration section */
		C33CD47A24C72819004EECF5 /* Debug */ = {
			isa = XCBuildConfiguration;
			buildSettings = {
				ALWAYS_SEARCH_USER_PATHS = NO;
				CLANG_ANALYZER_NONNULL = YES;
				CLANG_ANALYZER_NUMBER_OBJECT_CONVERSION = YES_AGGRESSIVE;
				CLANG_CXX_LANGUAGE_STANDARD = "gnu++14";
				CLANG_CXX_LIBRARY = "libc++";
				CLANG_ENABLE_MODULES = YES;
				CLANG_ENABLE_OBJC_ARC = YES;
				CLANG_ENABLE_OBJC_WEAK = YES;
				CLANG_WARN_BLOCK_CAPTURE_AUTORELEASING = YES;
				CLANG_WARN_BOOL_CONVERSION = YES;
				CLANG_WARN_COMMA = YES;
				CLANG_WARN_CONSTANT_CONVERSION = YES;
				CLANG_WARN_DEPRECATED_OBJC_IMPLEMENTATIONS = YES;
				CLANG_WARN_DIRECT_OBJC_ISA_USAGE = YES_ERROR;
				CLANG_WARN_DOCUMENTATION_COMMENTS = YES;
				CLANG_WARN_EMPTY_BODY = YES;
				CLANG_WARN_ENUM_CONVERSION = YES;
				CLANG_WARN_INFINITE_RECURSION = YES;
				CLANG_WARN_INT_CONVERSION = YES;
				CLANG_WARN_NON_LITERAL_NULL_CONVERSION = YES;
				CLANG_WARN_OBJC_IMPLICIT_RETAIN_SELF = YES;
				CLANG_WARN_OBJC_LITERAL_CONVERSION = YES;
				CLANG_WARN_OBJC_ROOT_CLASS = YES_ERROR;
				CLANG_WARN_RANGE_LOOP_ANALYSIS = YES;
				CLANG_WARN_STRICT_PROTOTYPES = YES;
				CLANG_WARN_SUSPICIOUS_MOVE = YES;
				CLANG_WARN_UNGUARDED_AVAILABILITY = YES_AGGRESSIVE;
				CLANG_WARN_UNREACHABLE_CODE = YES;
				CLANG_WARN__DUPLICATE_METHOD_MATCH = YES;
				CODE_SIGN_IDENTITY = "iPhone Developer";
				COPY_PHASE_STRIP = NO;
				DEBUG_INFORMATION_FORMAT = dwarf;
				ENABLE_STRICT_OBJC_MSGSEND = YES;
				ENABLE_TESTABILITY = YES;
				GCC_C_LANGUAGE_STANDARD = gnu11;
				GCC_DYNAMIC_NO_PIC = NO;
				GCC_NO_COMMON_BLOCKS = YES;
				GCC_OPTIMIZATION_LEVEL = 0;
				GCC_PREPROCESSOR_DEFINITIONS = (
					"DEBUG=1",
					"$(inherited)",
				);
				GCC_WARN_64_TO_32_BIT_CONVERSION = YES;
				GCC_WARN_ABOUT_RETURN_TYPE = YES_ERROR;
				GCC_WARN_UNDECLARED_SELECTOR = YES;
				GCC_WARN_UNINITIALIZED_AUTOS = YES_AGGRESSIVE;
				GCC_WARN_UNUSED_FUNCTION = YES;
				GCC_WARN_UNUSED_VARIABLE = YES;
				IPHONEOS_DEPLOYMENT_TARGET = 12.1;
				MTL_ENABLE_DEBUG_INFO = INCLUDE_SOURCE;
				MTL_FAST_MATH = YES;
				ONLY_ACTIVE_ARCH = YES;
				SDKROOT = iphoneos;
				SWIFT_ACTIVE_COMPILATION_CONDITIONS = DEBUG;
				SWIFT_OPTIMIZATION_LEVEL = "-Onone";
			};
			name = Debug;
		};
		C33CD47B24C72819004EECF5 /* Release */ = {
			isa = XCBuildConfiguration;
			buildSettings = {
				ALWAYS_SEARCH_USER_PATHS = NO;
				CLANG_ANALYZER_NONNULL = YES;
				CLANG_ANALYZER_NUMBER_OBJECT_CONVERSION = YES_AGGRESSIVE;
				CLANG_CXX_LANGUAGE_STANDARD = "gnu++14";
				CLANG_CXX_LIBRARY = "libc++";
				CLANG_ENABLE_MODULES = YES;
				CLANG_ENABLE_OBJC_ARC = YES;
				CLANG_ENABLE_OBJC_WEAK = YES;
				CLANG_WARN_BLOCK_CAPTURE_AUTORELEASING = YES;
				CLANG_WARN_BOOL_CONVERSION = YES;
				CLANG_WARN_COMMA = YES;
				CLANG_WARN_CONSTANT_CONVERSION = YES;
				CLANG_WARN_DEPRECATED_OBJC_IMPLEMENTATIONS = YES;
				CLANG_WARN_DIRECT_OBJC_ISA_USAGE = YES_ERROR;
				CLANG_WARN_DOCUMENTATION_COMMENTS = YES;
				CLANG_WARN_EMPTY_BODY = YES;
				CLANG_WARN_ENUM_CONVERSION = YES;
				CLANG_WARN_INFINITE_RECURSION = YES;
				CLANG_WARN_INT_CONVERSION = YES;
				CLANG_WARN_NON_LITERAL_NULL_CONVERSION = YES;
				CLANG_WARN_OBJC_IMPLICIT_RETAIN_SELF = YES;
				CLANG_WARN_OBJC_LITERAL_CONVERSION = YES;
				CLANG_WARN_OBJC_ROOT_CLASS = YES_ERROR;
				CLANG_WARN_RANGE_LOOP_ANALYSIS = YES;
				CLANG_WARN_STRICT_PROTOTYPES = YES;
				CLANG_WARN_SUSPICIOUS_MOVE = YES;
				CLANG_WARN_UNGUARDED_AVAILABILITY = YES_AGGRESSIVE;
				CLANG_WARN_UNREACHABLE_CODE = YES;
				CLANG_WARN__DUPLICATE_METHOD_MATCH = YES;
				CODE_SIGN_IDENTITY = "iPhone Developer";
				COPY_PHASE_STRIP = NO;
				DEBUG_INFORMATION_FORMAT = "dwarf-with-dsym";
				ENABLE_NS_ASSERTIONS = NO;
				ENABLE_STRICT_OBJC_MSGSEND = YES;
				GCC_C_LANGUAGE_STANDARD = gnu11;
				GCC_NO_COMMON_BLOCKS = YES;
				GCC_WARN_64_TO_32_BIT_CONVERSION = YES;
				GCC_WARN_ABOUT_RETURN_TYPE = YES_ERROR;
				GCC_WARN_UNDECLARED_SELECTOR = YES;
				GCC_WARN_UNINITIALIZED_AUTOS = YES_AGGRESSIVE;
				GCC_WARN_UNUSED_FUNCTION = YES;
				GCC_WARN_UNUSED_VARIABLE = YES;
				IPHONEOS_DEPLOYMENT_TARGET = 12.1;
				MTL_ENABLE_DEBUG_INFO = NO;
				MTL_FAST_MATH = YES;
				SDKROOT = iphoneos;
				SWIFT_COMPILATION_MODE = wholemodule;
				SWIFT_OPTIMIZATION_LEVEL = "-O";
				VALIDATE_PRODUCT = YES;
			};
			name = Release;
		};
		C33CD47D24C72819004EECF5 /* Debug */ = {
			isa = XCBuildConfiguration;
			buildSettings = {
				ASSETCATALOG_COMPILER_APPICON_NAME = AppIcon;
				CODE_SIGN_STYLE = Automatic;
				INFOPLIST_FILE = TipCalculator/Info.plist;
				LD_RUNPATH_SEARCH_PATHS = (
					"$(inherited)",
					"@executable_path/Frameworks",
				);
				PRODUCT_BUNDLE_IDENTIFIER = CodePath.TipCalculator;
				PRODUCT_NAME = "$(TARGET_NAME)";
				SWIFT_VERSION = 4.2;
				TARGETED_DEVICE_FAMILY = "1,2";
			};
			name = Debug;
		};
		C33CD47E24C72819004EECF5 /* Release */ = {
			isa = XCBuildConfiguration;
			buildSettings = {
				ASSETCATALOG_COMPILER_APPICON_NAME = AppIcon;
				CODE_SIGN_STYLE = Automatic;
				INFOPLIST_FILE = TipCalculator/Info.plist;
				LD_RUNPATH_SEARCH_PATHS = (
					"$(inherited)",
					"@executable_path/Frameworks",
				);
				PRODUCT_BUNDLE_IDENTIFIER = CodePath.TipCalculator;
				PRODUCT_NAME = "$(TARGET_NAME)";
				SWIFT_VERSION = 4.2;
				TARGETED_DEVICE_FAMILY = "1,2";
			};
			name = Release;
		};
		C33CD48024C72819004EECF5 /* Debug */ = {
			isa = XCBuildConfiguration;
			buildSettings = {
				ALWAYS_EMBED_SWIFT_STANDARD_LIBRARIES = YES;
				BUNDLE_LOADER = "$(TEST_HOST)";
				CODE_SIGN_STYLE = Automatic;
				INFOPLIST_FILE = TippyTests/Info.plist;
				LD_RUNPATH_SEARCH_PATHS = (
					"$(inherited)",
					"@executable_path/Frameworks",
					"@loader_path/Frameworks",
				);
				PRODUCT_BUNDLE_IDENTIFIER = CodePath.TippyTests;
				PRODUCT_NAME = "$(TARGET_NAME)";
				SWIFT_VERSION = 4.2;
				TARGETED_DEVICE_FAMILY = "1,2";
				TEST_HOST = "$(BUILT_PRODUCTS_DIR)/TipCalculator.app/TipCalculator";
			};
			name = Debug;
		};
		C33CD48124C72819004EECF5 /* Release */ = {
			isa = XCBuildConfiguration;
			buildSettings = {
				ALWAYS_EMBED_SWIFT_STANDARD_LIBRARIES = YES;
				BUNDLE_LOADER = "$(TEST_HOST)";
				CODE_SIGN_STYLE = Automatic;
				INFOPLIST_FILE = TippyTests/Info.plist;
				LD_RUNPATH_SEARCH_PATHS = (
					"$(inherited)",
					"@executable_path/Frameworks",
					"@loader_path/Frameworks",
				);
				PRODUCT_BUNDLE_IDENTIFIER = CodePath.TippyTests;
				PRODUCT_NAME = "$(TARGET_NAME)";
				SWIFT_VERSION = 4.2;
				TARGETED_DEVICE_FAMILY = "1,2";
				TEST_HOST = "$(BUILT_PRODUCTS_DIR)/TipCalculator.app/TipCalculator";
			};
			name = Release;
		};
		C33CD48324C72819004EECF5 /* Debug */ = {
			isa = XCBuildConfiguration;
			buildSettings = {
				ALWAYS_EMBED_SWIFT_STANDARD_LIBRARIES = YES;
				CODE_SIGN_STYLE = Automatic;
				INFOPLIST_FILE = TippyUITests/Info.plist;
				LD_RUNPATH_SEARCH_PATHS = (
					"$(inherited)",
					"@executable_path/Frameworks",
					"@loader_path/Frameworks",
				);
				PRODUCT_BUNDLE_IDENTIFIER = CodePath.TippyUITests;
				PRODUCT_NAME = "$(TARGET_NAME)";
				SWIFT_VERSION = 4.2;
				TARGETED_DEVICE_FAMILY = "1,2";
				TEST_TARGET_NAME = Tippy;
			};
			name = Debug;
		};
		C33CD48424C72819004EECF5 /* Release */ = {
			isa = XCBuildConfiguration;
			buildSettings = {
				ALWAYS_EMBED_SWIFT_STANDARD_LIBRARIES = YES;
				CODE_SIGN_STYLE = Automatic;
				INFOPLIST_FILE = TippyUITests/Info.plist;
				LD_RUNPATH_SEARCH_PATHS = (
					"$(inherited)",
					"@executable_path/Frameworks",
					"@loader_path/Frameworks",
				);
				PRODUCT_BUNDLE_IDENTIFIER = CodePath.TippyUITests;
				PRODUCT_NAME = "$(TARGET_NAME)";
				SWIFT_VERSION = 4.2;
				TARGETED_DEVICE_FAMILY = "1,2";
				TEST_TARGET_NAME = Tippy;
			};
			name = Release;
		};
/* End XCBuildConfiguration section */

/* Begin XCConfigurationList section */
		C33CD44F24C72818004EECF5 /* Build configuration list for PBXProject "TipCalculator" */ = {
			isa = XCConfigurationList;
			buildConfigurations = (
				C33CD47A24C72819004EECF5 /* Debug */,
				C33CD47B24C72819004EECF5 /* Release */,
			);
			defaultConfigurationIsVisible = 0;
			defaultConfigurationName = Release;
		};
		C33CD47C24C72819004EECF5 /* Build configuration list for PBXNativeTarget "TipCalculator" */ = {
			isa = XCConfigurationList;
			buildConfigurations = (
				C33CD47D24C72819004EECF5 /* Debug */,
				C33CD47E24C72819004EECF5 /* Release */,
			);
			defaultConfigurationIsVisible = 0;
			defaultConfigurationName = Release;
		};
		C33CD47F24C72819004EECF5 /* Build configuration list for PBXNativeTarget "TipCalculatorTests" */ = {
			isa = XCConfigurationList;
			buildConfigurations = (
				C33CD48024C72819004EECF5 /* Debug */,
				C33CD48124C72819004EECF5 /* Release */,
			);
			defaultConfigurationIsVisible = 0;
			defaultConfigurationName = Release;
		};
		C33CD48224C72819004EECF5 /* Build configuration list for PBXNativeTarget "TipCalculatorUITests" */ = {
			isa = XCConfigurationList;
			buildConfigurations = (
				C33CD48324C72819004EECF5 /* Debug */,
				C33CD48424C72819004EECF5 /* Release */,
			);
			defaultConfigurationIsVisible = 0;
			defaultConfigurationName = Release;
		};
/* End XCConfigurationList section */
	};
	rootObject = C33CD44C24C72818004EECF5 /* Project object */;
}
